
Microsoft Visual Studio Solution File, Format Version 12.00
# Visual Studio Version 16
VisualStudioVersion = 16.0.31702.278
MinimumVisualStudioVersion = 10.0.40219.1
Project("{FAE04EC0-301F-11D3-BF4B-00C04F79EFBC}") = "ClearStandbyMemoryScheduler", "ClearStandbyMemoryScheduler.csproj", "{948E75A8-13FE-4043-846A-AF6B6D720878}"
EndProject
Global
	GlobalSection(SolutionConfigurationPlatforms) = preSolution
		Debug|Any CPU = Debug|Any CPU
		Release|Any CPU = Release|Any CPU
	EndGlobalSection
	GlobalSection(ProjectConfigurationPlatforms) = postSolution
		{948E75A8-13FE-4043-846A-AF6B6D720878}.Debug|Any CPU.ActiveCfg = Debug|Any CPU
		{948E75A8-13FE-4043-846A-AF6B6D720878}.Debug|Any CPU.Build.0 = Debug|Any CPU
		{948E75A8-13FE-4043-846A-AF6B6D720878}.Release|Any CPU.ActiveCfg = Release|Any CPU
		{948E75A8-13FE-4043-846A-AF6B6D720878}.Release|Any CPU.Build.0 = Release|Any CPU
	EndGlobalSection
	GlobalSection(SolutionProperties) = preSolution
		HideSolutionNode = FALSE
	EndGlobalSection
	GlobalSection(ExtensibilityGlobals) = postSolution
		SolutionGuid = {ED9B1A68-89C0-4317-8CA9-31D2CE917262}
	EndGlobalSection
EndGlobal
